
Microsoft Visual Studio Solution File, Format Version 12.00
Project("{FAE04EC0-301F-11D3-BF4B-00C04F79EFBC}") = "WorkshopInputBadCode", "WorkshopInputBadCode\WorkshopInputBadCode.csproj", "{D5F2EF67-C866-4F92-A9A3-831576FCF396}"
EndProject
Project("{FAE04EC0-301F-11D3-BF4B-00C04F79EFBC}") = "Eksempler", "Eksempler\Eksempler.csproj", "{486AD9CB-D4CF-4946-8FCA-CB5EB9A17146}"
EndProject
Project("{2150E333-8FDC-42A3-9474-1A3956D46DE8}") = "Items", "Items", "{0DE5B036-485B-4EA2-8723-A3A0C4278F04}"
	ProjectSection(SolutionItems) = preProject
		README.md = README.md
		.gitignore = .gitignore
	EndProjectSection
EndProject
Global
	GlobalSection(SolutionConfigurationPlatforms) = preSolution
		Debug|Any CPU = Debug|Any CPU
		Release|Any CPU = Release|Any CPU
	EndGlobalSection
	GlobalSection(ProjectConfigurationPlatforms) = postSolution
		{D5F2EF67-C866-4F92-A9A3-831576FCF396}.Debug|Any CPU.ActiveCfg = Debug|Any CPU
		{D5F2EF67-C866-4F92-A9A3-831576FCF396}.Debug|Any CPU.Build.0 = Debug|Any CPU
		{D5F2EF67-C866-4F92-A9A3-831576FCF396}.Release|Any CPU.ActiveCfg = Release|Any CPU
		{D5F2EF67-C866-4F92-A9A3-831576FCF396}.Release|Any CPU.Build.0 = Release|Any CPU
		{486AD9CB-D4CF-4946-8FCA-CB5EB9A17146}.Debug|Any CPU.ActiveCfg = Debug|Any CPU
		{486AD9CB-D4CF-4946-8FCA-CB5EB9A17146}.Debug|Any CPU.Build.0 = Debug|Any CPU
		{486AD9CB-D4CF-4946-8FCA-CB5EB9A17146}.Release|Any CPU.ActiveCfg = Release|Any CPU
		{486AD9CB-D4CF-4946-8FCA-CB5EB9A17146}.Release|Any CPU.Build.0 = Release|Any CPU
	EndGlobalSection
EndGlobal
